%{
  "broadway": {:hex, :broadway, "1.3.0", "f75f6376159b74f55c5ba2629dac613e4fd79d9e71148ab5fbac8fdd7c999d2a", [:mix], [{:gen_stage, "~> 1.0", [hex: :gen_stage, repo: "hexpm", optional: false]}, {:nimble_options, "~> 0.3.7 or ~> 0.4 or ~> 1.0", [hex: :nimble_options, repo: "hexpm", optional: false]}, {:telemetry, "~> 0.4.3 or ~> 1.0", [hex: :telemetry, repo: "hexpm", optional: false]}], "hexpm", "bef3b4c5512d0072917b70239cbecf8f76a2587465a5b7c3e2b9ae18b4bc405b"},
  "db_connection": {:hex, :db_connection, "2.10.2", "ae391e803a5adff104da913c2fc1c0c14a37f8b10001dcef568796e1fb7bf95c", [:mix], [{:telemetry, "~> 0.4 or ~> 1.0", [hex: :telemetry, repo: "hexpm", optional: false]}], "hexpm", "510b14482330f1af6490a2fa0efd8d4f1435d1529b165647df22ac0f2df0fa93"},
  "decimal": {:hex, :decimal, "3.1.1", "430d87b04011ce6cbd4fd205be758311a81f87d552d40904abd00f015935b1d0", [:mix], [], "hexpm", "c5f25f2ced74a0587d03e6023f595db8e924c9d3922c8c8ffd9edfc4498cf1f6"},
  "ecto": {:hex, :ecto, "3.14.2", "99db28a864293a789c970651de711e3cae184291e0e7ea1166c54055ac41c1f3", [:mix], [{:decimal, "~> 3.0", [hex: :decimal, repo: "hexpm", optional: false]}, {:jason, "~> 1.0", [hex: :jason, repo: "hexpm", optional: true]}, {:telemetry, "~> 0.4 or ~> 1.0", [hex: :telemetry, repo: "hexpm", optional: false]}], "hexpm", "25d60b8c816a07d19d85b80bdf60978bd8b102209dda198d768cd7c6745339a6"},
  "ecto_sql": {:hex, :ecto_sql, "3.14.0", "06446ab8410d2f85bfbb80857ee224ab3b693700cbb38f6535d507449a627b2e", [:mix], [{:db_connection, "~> 2.9", [hex: :db_connection, repo: "hexpm", optional: false]}, {:decimal, "~> 3.0", [hex: :decimal, repo: "hexpm", optional: false]}, {:ecto, "~> 3.14.0", [hex: :ecto, repo: "hexpm", optional: false]}, {:myxql, "~> 0.8", [hex: :myxql, repo: "hexpm", optional: true]}, {:postgrex, "~> 0.19 or ~> 1.0", [hex: :postgrex, repo: "hexpm", optional: true]}, {:tds, "~> 2.1.1 or ~> 2.2", [hex: :tds, repo: "hexpm", optional: true]}, {:telemetry, "~> 0.4.0 or ~> 1.0", [hex: :telemetry, repo: "hexpm", optional: false]}], "hexpm", "f4d8d36faf294c9417b5a37ec7ac8217ee2abdef5fcf197ba690f361548d3949"},
  "gen_stage": {:hex, :gen_stage, "1.3.2", "7c77e5d1e97de2c6c2f78f306f463bca64bf2f4c3cdd606affc0100b89743b7b", [:mix], [], "hexpm", "0ffae547fa777b3ed889a6b9e1e64566217413d018cabd825f786e843ffe63e7"},
  "jason": {:hex, :jason, "1.4.5", "2e3a008590b0b8d7388c20293e9dcc9cf3e5d642fd2a114e4cbbb52e595d940a", [:mix], [{:decimal, "~> 1.0 or ~> 2.0 or ~> 3.0", [hex: :decimal, repo: "hexpm", optional: true]}], "hexpm", "b0c823996102bcd0239b3c2444eb00409b72f6a140c1950bc8b457d836b30684"},
  "nimble_options": {:hex, :nimble_options, "1.1.1", "e3a492d54d85fc3fd7c5baf411d9d2852922f66e69476317787a7b2bb000a61b", [:mix], [], "hexpm", "821b2470ca9442c4b6984882fe9bb0389371b8ddec4d45a9504f00a66f650b44"},
  "oban": {:hex, :oban, "2.19.4", "045adb10db1161dceb75c254782f97cdc6596e7044af456a59decb6d06da73c1", [:mix], [{:ecto_sql, "~> 3.10", [hex: :ecto_sql, repo: "hexpm", optional: false]}, {:ecto_sqlite3, "~> 0.9", [hex: :ecto_sqlite3, repo: "hexpm", optional: true]}, {:igniter, "~> 0.5", [hex: :igniter, repo: "hexpm", optional: true]}, {:jason, "~> 1.1", [hex: :jason, repo: "hexpm", optional: true]}, {:myxql, "~> 0.7", [hex: :myxql, repo: "hexpm", optional: true]}, {:postgrex, "~> 0.16", [hex: :postgrex, repo: "hexpm", optional: true]}, {:telemetry, "~> 0.4 or ~> 1.0", [hex: :telemetry, repo: "hexpm", optional: false]}], "hexpm", "5fcc6219e6464525b808d97add17896e724131f498444a292071bf8991c99f97"},
  "opentelemetry": {:hex, :opentelemetry, "1.7.0", "20d0f12d3d1c398d3670fd44fd1a7c495dd748ab3e5b692a7906662e2fb1a38a", [:rebar3], [{:opentelemetry_api, "~> 1.5.0", [hex: :opentelemetry_api, repo: "hexpm", optional: false]}], "hexpm", "a9173b058c4549bf824cbc2f1d2fa2adc5cdedc22aa3f0f826951187bbd53131"},
  "opentelemetry_api": {:hex, :opentelemetry_api, "1.5.0", "1a676f3e3340cab81c763e939a42e11a70c22863f645aa06aafefc689b5550cf", [:mix, :rebar3], [], "hexpm", "f53ec8a1337ae4a487d43ac89da4bd3a3c99ddf576655d071deed8b56a2d5dda"},
  "opentelemetry_statifier": {:hex, :opentelemetry_statifier, "0.7.0", "46eb0e1ee91801e0dde461ea0e0b1d577a821823092a7518c802e6a1a72229e1", [:mix], [{:opentelemetry_api, "~> 1.4", [hex: :opentelemetry_api, repo: "hexpm", optional: false]}, {:statifier, "~> 2.4", [hex: :statifier, repo: "hexpm", optional: false]}, {:telemetry, "~> 1.0", [hex: :telemetry, repo: "hexpm", optional: false]}], "hexpm", "cf52eaa3d0505b151df189e31c62fa84ab03b55ee2ed0fec81a76b681fab82b0"},
  "postgrex": {:hex, :postgrex, "0.22.4", "d271f595dfd25230b6398354e19d17bb5e2d20130fd2d9bdca7e15f125d43552", [:mix], [{:db_connection, "~> 2.9", [hex: :db_connection, repo: "hexpm", optional: false]}, {:decimal, "~> 1.5 or ~> 2.0 or ~> 3.0", [hex: :decimal, repo: "hexpm", optional: false]}, {:jason, "~> 1.0", [hex: :jason, repo: "hexpm", optional: true]}, {:table, "~> 0.1.0", [hex: :table, repo: "hexpm", optional: true]}], "hexpm", "4aae45a2d60e35b04eea2602440be152fae332901f1fc7a60fc7cb7f0f9a9c5a"},
  "predicator": {:hex, :predicator, "9.4.3", "6db6db52a15d13bd2f9e99acc05fbf9859918efd12f90b8385dae8f24406df13", [:mix], [], "hexpm", "fa0688952ccc9ff3a3b4e592d5553683d13f78d2de34ae28a1cefcdd68ab62e6"},
  "saxy": {:hex, :saxy, "1.6.1", "742eff28f553c066d0b54e84662dbf384a1d1f38595472ed15f6e0a33038bbe1", [:mix], [], "hexpm", "8989d504424ba29460a61950f8968380651413fa05e63b6118084db057da1a6b"},
  "statifier": {:hex, :statifier, "2.9.0", "ab7605abd7648026f49f940a7eb2bba17b9dff0a7050b70d018d5444356dd0ee", [:mix], [{:predicator, "~> 9.0", [hex: :predicator, repo: "hexpm", optional: false]}, {:saxy, "~> 1.6", [hex: :saxy, repo: "hexpm", optional: false]}, {:telemetry, "~> 1.3", [hex: :telemetry, repo: "hexpm", optional: false]}], "hexpm", "0f790878618aec8f65f8780dae2485bb88ba3bee42b538eee6bad1fd5b90e969"},
  "statifier_blocks": {:hex, :statifier_blocks, "0.35.0", "189b13fa3d9db14168e0bd96096a0d4861daab146ace175f5d3199387c6246d7", [:mix], [{:phoenix_live_view, "~> 1.0", [hex: :phoenix_live_view, repo: "hexpm", optional: true]}, {:predicator, "~> 9.4.1", [hex: :predicator, repo: "hexpm", optional: false]}, {:statifier, "~> 2.2", [hex: :statifier, repo: "hexpm", optional: false]}, {:statifier_datamodel, "~> 0.4", [hex: :statifier_datamodel, repo: "hexpm", optional: false]}, {:statifier_ui, "~> 0.9", [hex: :statifier_ui, repo: "hexpm", optional: true]}], "hexpm", "8644e5eb05909682b2cb0367e095ee9e222fdb5e3101eefc5724608896f8800f"},
  "statifier_datamodel": {:hex, :statifier_datamodel, "0.4.0", "874c40480782f597cee1f0288d260ac5fc0fb53b3f603e98fab3e45fa943a563", [:mix], [], "hexpm", "012596b0b9c82b144a4893a58c83e5b40a2bc587d4af9b17c881be5eec856a23"},
  "statifier_oban": {:hex, :statifier_oban, "0.15.0", "87421653d607b17e4686559d6810b332ff0734d001e52736b36bda46f1063058", [:mix], [{:oban, "~> 2.19", [hex: :oban, repo: "hexpm", optional: false]}, {:statifier, "~> 2.5", [hex: :statifier, repo: "hexpm", optional: false]}, {:statifier_persistence, "~> 0.13", [hex: :statifier_persistence, repo: "hexpm", optional: true]}, {:telemetry, "~> 1.3", [hex: :telemetry, repo: "hexpm", optional: false]}], "hexpm", "b80f17325f21c50807da1a48d7287ae6864890b90a410d5ceb1f12d25a0f950a"},
  "statifier_persistence": {:hex, :statifier_persistence, "0.19.0", "38aaca1f929ea3673e0e72f9242809da1e963761a7c35f49011967d84d28630e", [:mix], [{:ecto_sql, "~> 3.10", [hex: :ecto_sql, repo: "hexpm", optional: true]}, {:statifier, "~> 2.9", [hex: :statifier, repo: "hexpm", optional: false]}, {:telemetry, "~> 1.3", [hex: :telemetry, repo: "hexpm", optional: false]}, {:uxid, "~> 2.0", [hex: :uxid, repo: "hexpm", optional: false]}], "hexpm", "89776c0b6906b89ecc4b2f70dcb80a3c9808d8bc7cdd8e9450b73cdc96b8fdf8"},
  "statifier_router": {:hex, :statifier_router, "0.7.0", "2c5cff0c1060547a6ef7ce03314076b33f6d78013824804ab215d2b913487d73", [:mix], [{:broadway, "~> 1.3", [hex: :broadway, repo: "hexpm", optional: false]}, {:ecto_sql, "~> 3.14", [hex: :ecto_sql, repo: "hexpm", optional: false]}, {:predicator, "~> 9.4", [hex: :predicator, repo: "hexpm", optional: false]}, {:statifier, "~> 2.9", [hex: :statifier, repo: "hexpm", optional: false]}, {:statifier_persistence, "~> 0.18", [hex: :statifier_persistence, repo: "hexpm", optional: false]}, {:telemetry, "~> 1.0", [hex: :telemetry, repo: "hexpm", optional: false]}, {:uxid, "~> 2.0", [hex: :uxid, repo: "hexpm", optional: false]}], "hexpm", "95b1f6bc82c5fc4d888090e2c619dd85d34ec9a433d1416f921926ab64778a83"},
  "statifier_ui": {:hex, :statifier_ui, "0.10.1", "fcd918b5259e4c8ce5430c3cf2075f4d13aaa52135cb563713db526b8bec9493", [:mix], [{:kino, "~> 0.14", [hex: :kino, repo: "hexpm", optional: true]}, {:phoenix_live_view, "~> 1.0", [hex: :phoenix_live_view, repo: "hexpm", optional: true]}, {:predicator, "~> 9.4", [hex: :predicator, repo: "hexpm", optional: false]}, {:statifier, "~> 2.5", [hex: :statifier, repo: "hexpm", optional: false]}, {:statifier_datamodel, "~> 0.4", [hex: :statifier_datamodel, repo: "hexpm", optional: false]}], "hexpm", "cb4992baecefc40af76d587408b71cd94ceecd392374926ecaef07fe49211069"},
  "telemetry": {:hex, :telemetry, "1.4.2", "a0cb522801dffb1c49fe6e30561badffc7b6d0e180db1300df759faa22062855", [:rebar3], [], "hexpm", "928f6495066506077862c0d1646609eed891a4326bee3126ba54b60af61febb1"},
  "uxid": {:hex, :uxid, "2.9.2", "330f53b4797351145222fe178d7379967eaafccee270f6d70efab237ae18c1e7", [:mix], [{:ecto, "~> 3.12", [hex: :ecto, repo: "hexpm", optional: true]}], "hexpm", "cf536fbbf23a4c855ea949fa28d0828285169f7087e794ee6861f5a14e41ff84"},
}
